// !$*UTF8*$!
{
	archiveVersion = 1;
	classes = {
	};
	objectVersion = 50;
	objects = {

/* Begin PBXBuildFile section */
		71367D00262050D100E44413 /* SimulationHistoryListViewController.swift in Sources */ = {isa = PBXBuildFile; fileRef = 71367CFF262050D100E44413 /* SimulationHistoryListViewController.swift */; };
		71367D032620547800E44413 /* SimulationDetailViewController.swift in Sources */ = {isa = PBXBuildFile; fileRef = 71367D022620547800E44413 /* SimulationDetailViewController.swift */; };
		71367D072620564600E44413 /* CellTableViewCell.swift in Sources */ = {isa = PBXBuildFile; fileRef = 71367D062620564600E44413 /* CellTableViewCell.swift */; };
		AEA9A6FC2620248F00C2DCA3 /* QuestionCharacter.json in Resources */ = {isa = PBXBuildFile; fileRef = B5BCB619261F2DC6003C8590 /* QuestionCharacter.json */; };
		AEA9A6FE2620249600C2DCA3 /* QuestionCompany.json in Resources */ = {isa = PBXBuildFile; fileRef = B5BCB61A261F2DF6003C8590 /* QuestionCompany.json */; };
		AEA9A7012620249E00C2DCA3 /* QuestionExperience.json in Resources */ = {isa = PBXBuildFile; fileRef = B5BCB61B261F2E1C003C8590 /* QuestionExperience.json */; };
		AEA9A703262024A300C2DCA3 /* QuestionJava.json in Resources */ = {isa = PBXBuildFile; fileRef = B5BCB61C261F2E37003C8590 /* QuestionJava.json */; };
		AEA9A706262024AA00C2DCA3 /* QuestionPython.json in Resources */ = {isa = PBXBuildFile; fileRef = B5BCB61D261F2E53003C8590 /* QuestionPython.json */; };
		AEA9A708262024AF00C2DCA3 /* QuestionSkill.json in Resources */ = {isa = PBXBuildFile; fileRef = B5BCB61E261F2E67003C8590 /* QuestionSkill.json */; };
		AEA9A70A262024B500C2DCA3 /* QuestionSwift.json in Resources */ = {isa = PBXBuildFile; fileRef = B5BCB61F261F2E83003C8590 /* QuestionSwift.json */; };
		AEA9A70C262024BB00C2DCA3 /* QuestionTeamwork.json in Resources */ = {isa = PBXBuildFile; fileRef = B5BCB620261F2E99003C8590 /* QuestionTeamwork.json */; };
		B52E461F261EFA3A009736DB /* NotesTableViewCell.swift in Sources */ = {isa = PBXBuildFile; fileRef = B52E461E261EFA3A009736DB /* NotesTableViewCell.swift */; };
		B5979BB7261B200600276297 /* AppDelegate.swift in Sources */ = {isa = PBXBuildFile; fileRef = B5979BB6261B200600276297 /* AppDelegate.swift */; };
		B5979BB9261B200600276297 /* SceneDelegate.swift in Sources */ = {isa = PBXBuildFile; fileRef = B5979BB8261B200600276297 /* SceneDelegate.swift */; };
		B5979BBB261B200600276297 /* BookmarkViewController.swift in Sources */ = {isa = PBXBuildFile; fileRef = B5979BBA261B200600276297 /* BookmarkViewController.swift */; };
		B5979BBE261B200600276297 /* Bookmark.storyboard in Resources */ = {isa = PBXBuildFile; fileRef = B5979BBC261B200600276297 /* Bookmark.storyboard */; };
		B5979BC3261B200600276297 /* LaunchScreen.storyboard in Resources */ = {isa = PBXBuildFile; fileRef = B5979BC1261B200600276297 /* LaunchScreen.storyboard */; };
		B5B4F717261D94AA0031F40B /* BookmarkModel.swift in Sources */ = {isa = PBXBuildFile; fileRef = B5B4F716261D94AA0031F40B /* BookmarkModel.swift */; };
		B5B4F71A261D9FF60031F40B /* DetailBookmarkViewController.swift in Sources */ = {isa = PBXBuildFile; fileRef = B5B4F719261D9FF60031F40B /* DetailBookmarkViewController.swift */; };
		B5BCB601261F21C7003C8590 /* Assets.xcassets in Resources */ = {isa = PBXBuildFile; fileRef = B5BCB600261F21C7003C8590 /* Assets.xcassets */; };
		B5BCB604261F221A003C8590 /* ViewController.swift in Sources */ = {isa = PBXBuildFile; fileRef = B5BCB603261F221A003C8590 /* ViewController.swift */; };
		B5BCB608261F2247003C8590 /* QuestionsViewController.swift in Sources */ = {isa = PBXBuildFile; fileRef = B5BCB607261F2247003C8590 /* QuestionsViewController.swift */; };
		B5BCB60B261F2289003C8590 /* DetailQuestionViewController.swift in Sources */ = {isa = PBXBuildFile; fileRef = B5BCB60A261F2289003C8590 /* DetailQuestionViewController.swift */; };
		B5BCB60E261F231E003C8590 /* QuestionTech.swift in Sources */ = {isa = PBXBuildFile; fileRef = B5BCB60D261F231E003C8590 /* QuestionTech.swift */; };
		B5BCB611261F282F003C8590 /* DataLoader.swift in Sources */ = {isa = PBXBuildFile; fileRef = B5BCB610261F282F003C8590 /* DataLoader.swift */; };
		B5BCB614261F2D5E003C8590 /* TechnicalCollectionViewCell.swift in Sources */ = {isa = PBXBuildFile; fileRef = B5BCB613261F2D5E003C8590 /* TechnicalCollectionViewCell.swift */; };
		B5BCB617261F2D83003C8590 /* GeneralCollectionViewCell.swift in Sources */ = {isa = PBXBuildFile; fileRef = B5BCB616261F2D83003C8590 /* GeneralCollectionViewCell.swift */; };
		B5BCB628261F2FF9003C8590 /* Main.storyboard in Resources */ = {isa = PBXBuildFile; fileRef = B5BCB627261F2FF9003C8590 /* Main.storyboard */; };
		B5BCB62E261F7764003C8590 /* SimulationViewController.swift in Sources */ = {isa = PBXBuildFile; fileRef = B5BCB62D261F7764003C8590 /* SimulationViewController.swift */; };
		B5BCB635261F8024003C8590 /* AboutSimulationTableViewCell.swift in Sources */ = {isa = PBXBuildFile; fileRef = B5BCB634261F8024003C8590 /* AboutSimulationTableViewCell.swift */; };
/* End PBXBuildFile section */

/* Begin PBXFileReference section */
		71367CFF262050D100E44413 /* SimulationHistoryListViewController.swift */ = {isa = PBXFileReference; lastKnownFileType = sourcecode.swift; name = SimulationHistoryListViewController.swift; path = NailIt/Storyboard/SimulationHistoryListViewController.swift; sourceTree = SOURCE_ROOT; };
		71367D022620547800E44413 /* SimulationDetailViewController.swift */ = {isa = PBXFileReference; lastKnownFileType = sourcecode.swift; path = SimulationDetailViewController.swift; sourceTree = "<group>"; };
		71367D062620564600E44413 /* CellTableViewCell.swift */ = {isa = PBXFileReference; lastKnownFileType = sourcecode.swift; name = CellTableViewCell.swift; path = NailIt/Storyboard/CellTableViewCell.swift; sourceTree = SOURCE_ROOT; };
		B52E461E261EFA3A009736DB /* NotesTableViewCell.swift */ = {isa = PBXFileReference; lastKnownFileType = sourcecode.swift; path = NotesTableViewCell.swift; sourceTree = "<group>"; };
		B5979BB3261B200600276297 /* NailIt.app */ = {isa = PBXFileReference; explicitFileType = wrapper.application; includeInIndex = 0; path = NailIt.app; sourceTree = BUILT_PRODUCTS_DIR; };
		B5979BB6261B200600276297 /* AppDelegate.swift */ = {isa = PBXFileReference; lastKnownFileType = sourcecode.swift; path = AppDelegate.swift; sourceTree = "<group>"; };
		B5979BB8261B200600276297 /* SceneDelegate.swift */ = {isa = PBXFileReference; lastKnownFileType = sourcecode.swift; path = SceneDelegate.swift; sourceTree = "<group>"; };
		B5979BBA261B200600276297 /* BookmarkViewController.swift */ = {isa = PBXFileReference; lastKnownFileType = sourcecode.swift; path = BookmarkViewController.swift; sourceTree = "<group>"; };
		B5979BBD261B200600276297 /* Base */ = {isa = PBXFileReference; lastKnownFileType = file.storyboard; name = Base; path = Base.lproj/Bookmark.storyboard; sourceTree = "<group>"; };
		B5979BC2261B200600276297 /* Base */ = {isa = PBXFileReference; lastKnownFileType = file.storyboard; name = Base; path = Base.lproj/LaunchScreen.storyboard; sourceTree = "<group>"; };
		B5979BC4261B200600276297 /* Info.plist */ = {isa = PBXFileReference; lastKnownFileType = text.plist.xml; path = Info.plist; sourceTree = "<group>"; };
		B5B4F716261D94AA0031F40B /* BookmarkModel.swift */ = {isa = PBXFileReference; lastKnownFileType = sourcecode.swift; path = BookmarkModel.swift; sourceTree = "<group>"; };
		B5B4F719261D9FF60031F40B /* DetailBookmarkViewController.swift */ = {isa = PBXFileReference; lastKnownFileType = sourcecode.swift; path = DetailBookmarkViewController.swift; sourceTree = "<group>"; };
		B5BCB600261F21C7003C8590 /* Assets.xcassets */ = {isa = PBXFileReference; lastKnownFileType = folder.assetcatalog; path = Assets.xcassets; sourceTree = "<group>"; };
		B5BCB603261F221A003C8590 /* ViewController.swift */ = {isa = PBXFileReference; lastKnownFileType = sourcecode.swift; path = ViewController.swift; sourceTree = "<group>"; };
		B5BCB607261F2247003C8590 /* QuestionsViewController.swift */ = {isa = PBXFileReference; lastKnownFileType = sourcecode.swift; path = QuestionsViewController.swift; sourceTree = "<group>"; };
		B5BCB60A261F2289003C8590 /* DetailQuestionViewController.swift */ = {isa = PBXFileReference; lastKnownFileType = sourcecode.swift; path = DetailQuestionViewController.swift; sourceTree = "<group>"; };
		B5BCB60D261F231E003C8590 /* QuestionTech.swift */ = {isa = PBXFileReference; lastKnownFileType = sourcecode.swift; path = QuestionTech.swift; sourceTree = "<group>"; };
		B5BCB610261F282F003C8590 /* DataLoader.swift */ = {isa = PBXFileReference; lastKnownFileType = sourcecode.swift; path = DataLoader.swift; sourceTree = "<group>"; };
		B5BCB613261F2D5E003C8590 /* TechnicalCollectionViewCell.swift */ = {isa = PBXFileReference; lastKnownFileType = sourcecode.swift; path = TechnicalCollectionViewCell.swift; sourceTree = "<group>"; };
		B5BCB616261F2D83003C8590 /* GeneralCollectionViewCell.swift */ = {isa = PBXFileReference; lastKnownFileType = sourcecode.swift; path = GeneralCollectionViewCell.swift; sourceTree = "<group>"; };
		B5BCB619261F2DC6003C8590 /* QuestionCharacter.json */ = {isa = PBXFileReference; fileEncoding = 4; lastKnownFileType = text.json; path = QuestionCharacter.json; sourceTree = "<group>"; };
		B5BCB61A261F2DF6003C8590 /* QuestionCompany.json */ = {isa = PBXFileReference; fileEncoding = 4; lastKnownFileType = text.json; path = QuestionCompany.json; sourceTree = "<group>"; };
		B5BCB61B261F2E1C003C8590 /* QuestionExperience.json */ = {isa = PBXFileReference; fileEncoding = 4; lastKnownFileType = text.json; path = QuestionExperience.json; sourceTree = "<group>"; };
		B5BCB61C261F2E37003C8590 /* QuestionJava.json */ = {isa = PBXFileReference; fileEncoding = 4; lastKnownFileType = text.json; path = QuestionJava.json; sourceTree = "<group>"; };
		B5BCB61D261F2E53003C8590 /* QuestionPython.json */ = {isa = PBXFileReference; fileEncoding = 4; lastKnownFileType = text.json; path = QuestionPython.json; sourceTree = "<group>"; };
		B5BCB61E261F2E67003C8590 /* QuestionSkill.json */ = {isa = PBXFileReference; fileEncoding = 4; lastKnownFileType = text.json; path = QuestionSkill.json; sourceTree = "<group>"; };
		B5BCB61F261F2E83003C8590 /* QuestionSwift.json */ = {isa = PBXFileReference; fileEncoding = 4; lastKnownFileType = text.json; path = QuestionSwift.json; sourceTree = "<group>"; };
		B5BCB620261F2E99003C8590 /* QuestionTeamwork.json */ = {isa = PBXFileReference; fileEncoding = 4; lastKnownFileType = text.json; path = QuestionTeamwork.json; sourceTree = "<group>"; };
		B5BCB627261F2FF9003C8590 /* Main.storyboard */ = {isa = PBXFileReference; lastKnownFileType = file.storyboard; path = Main.storyboard; sourceTree = "<group>"; };
		B5BCB62D261F7764003C8590 /* SimulationViewController.swift */ = {isa = PBXFileReference; lastKnownFileType = sourcecode.swift; path = SimulationViewController.swift; sourceTree = "<group>"; };
		B5BCB634261F8024003C8590 /* AboutSimulationTableViewCell.swift */ = {isa = PBXFileReference; lastKnownFileType = sourcecode.swift; path = AboutSimulationTableViewCell.swift; sourceTree = "<group>"; };
/* End PBXFileReference section */

/* Begin PBXFrameworksBuildPhase section */
		B5979BB0261B200600276297 /* Frameworks */ = {
			isa = PBXFrameworksBuildPhase;
			buildActionMask = 2147483647;
			files = (
			);
			runOnlyForDeploymentPostprocessing = 0;
		};
/* End PBXFrameworksBuildPhase section */

/* Begin PBXGroup section */
		B5979BAA261B200600276297 = {
			isa = PBXGroup;
			children = (
				B5979BB5261B200600276297 /* NailIt */,
				B5979BB4261B200600276297 /* Products */,
			);
			sourceTree = "<group>";
		};
		B5979BB4261B200600276297 /* Products */ = {
			isa = PBXGroup;
			children = (
				B5979BB3261B200600276297 /* NailIt.app */,
			);
			name = Products;
			sourceTree = "<group>";
		};
		B5979BB5261B200600276297 /* NailIt */ = {
			isa = PBXGroup;
			children = (
				B5BCB5CB261F0FB9003C8590 /* Object */,
				B5BCB5B8261F0F22003C8590 /* Data */,
				B5BCB5B7261F0F14003C8590 /* Model */,
				B5BCB5B6261F0F04003C8590 /* Storyboard */,
				B5BCB5B5261F0EFD003C8590 /* ViewController */,
				B5979BB6261B200600276297 /* AppDelegate.swift */,
				B5979BB8261B200600276297 /* SceneDelegate.swift */,
				B5979BC1261B200600276297 /* LaunchScreen.storyboard */,
				B5979BC4261B200600276297 /* Info.plist */,
				B5BCB600261F21C7003C8590 /* Assets.xcassets */,
			);
			path = NailIt;
			sourceTree = "<group>";
		};
		B5BCB5B5261F0EFD003C8590 /* ViewController */ = {
			isa = PBXGroup;
			children = (
				B5979BBA261B200600276297 /* BookmarkViewController.swift */,
				B5B4F719261D9FF60031F40B /* DetailBookmarkViewController.swift */,
				B5BCB603261F221A003C8590 /* ViewController.swift */,
				B5BCB607261F2247003C8590 /* QuestionsViewController.swift */,
				B5BCB60A261F2289003C8590 /* DetailQuestionViewController.swift */,
				B5BCB62D261F7764003C8590 /* SimulationViewController.swift */,
			);
			path = ViewController;
			sourceTree = "<group>";
		};
		B5BCB5B6261F0F04003C8590 /* Storyboard */ = {
			isa = PBXGroup;
			children = (
				B5979BBC261B200600276297 /* Bookmark.storyboard */,
				B5BCB627261F2FF9003C8590 /* Main.storyboard */,
			);
			path = Storyboard;
			sourceTree = "<group>";
		};
		B5BCB5B7261F0F14003C8590 /* Model */ = {
			isa = PBXGroup;
			children = (
				B5B4F716261D94AA0031F40B /* BookmarkModel.swift */,
				B5BCB60D261F231E003C8590 /* QuestionTech.swift */,
			);
			path = Model;
			sourceTree = "<group>";
		};
		B5BCB5B8261F0F22003C8590 /* Data */ = {
			isa = PBXGroup;
			children = (
				B5BCB610261F282F003C8590 /* DataLoader.swift */,
				B5BCB619261F2DC6003C8590 /* QuestionCharacter.json */,
				B5BCB61A261F2DF6003C8590 /* QuestionCompany.json */,
				B5BCB61B261F2E1C003C8590 /* QuestionExperience.json */,
				B5BCB61C261F2E37003C8590 /* QuestionJava.json */,
				B5BCB61D261F2E53003C8590 /* QuestionPython.json */,
				B5BCB61E261F2E67003C8590 /* QuestionSkill.json */,
				B5BCB61F261F2E83003C8590 /* QuestionSwift.json */,
				B5BCB620261F2E99003C8590 /* QuestionTeamwork.json */,
			);
			path = Data;
			sourceTree = "<group>";
		};
		B5BCB5CB261F0FB9003C8590 /* Object */ = {
			isa = PBXGroup;
			children = (
				71367D062620564600E44413 /* CellTableViewCell.swift */,
				71367CFF262050D100E44413 /* SimulationHistoryListViewController.swift */,
				B52E461E261EFA3A009736DB /* NotesTableViewCell.swift */,
				B5BCB613261F2D5E003C8590 /* TechnicalCollectionViewCell.swift */,
				B5BCB616261F2D83003C8590 /* GeneralCollectionViewCell.swift */,
				B5BCB634261F8024003C8590 /* AboutSimulationTableViewCell.swift */,
				71367D022620547800E44413 /* SimulationDetailViewController.swift */,
			);
			path = Object;
			sourceTree = "<group>";
		};
/* End PBXGroup section */

/* Begin PBXNativeTarget section */
		B5979BB2261B200600276297 /* NailIt */ = {
			isa = PBXNativeTarget;
			buildConfigurationList = B5979BC7261B200600276297 /* Build configuration list for PBXNativeTarget "NailIt" */;
			buildPhases = (
				B5979BAF261B200600276297 /* Sources */,
				B5979BB0261B200600276297 /* Frameworks */,
				B5979BB1261B200600276297 /* Resources */,
			);
			buildRules = (
			);
			dependencies = (
			);
			name = NailIt;
			productName = NailIt;
			productReference = B5979BB3261B200600276297 /* NailIt.app */;
			productType = "com.apple.product-type.application";
		};
/* End PBXNativeTarget section */

/* Begin PBXProject section */
		B5979BAB261B200600276297 /* Project object */ = {
			isa = PBXProject;
			attributes = {
				LastSwiftUpdateCheck = 1240;
				LastUpgradeCheck = 1240;
				TargetAttributes = {
					B5979BB2261B200600276297 = {
						CreatedOnToolsVersion = 12.4;
					};
				};
			};
			buildConfigurationList = B5979BAE261B200600276297 /* Build configuration list for PBXProject "NailIt" */;
			compatibilityVersion = "Xcode 9.3";
			developmentRegion = en;
			hasScannedForEncodings = 0;
			knownRegions = (
				en,
				Base,
			);
			mainGroup = B5979BAA261B200600276297;
			productRefGroup = B5979BB4261B200600276297 /* Products */;
			projectDirPath = "";
			projectRoot = "";
			targets = (
				B5979BB2261B200600276297 /* NailIt */,
			);
		};
/* End PBXProject section */

/* Begin PBXResourcesBuildPhase section */
		B5979BB1261B200600276297 /* Resources */ = {
			isa = PBXResourcesBuildPhase;
			buildActionMask = 2147483647;
			files = (
				AEA9A6FC2620248F00C2DCA3 /* QuestionCharacter.json in Resources */,
				AEA9A708262024AF00C2DCA3 /* QuestionSkill.json in Resources */,
				AEA9A70A262024B500C2DCA3 /* QuestionSwift.json in Resources */,
				AEA9A7012620249E00C2DCA3 /* QuestionExperience.json in Resources */,
				AEA9A6FE2620249600C2DCA3 /* QuestionCompany.json in Resources */,
				AEA9A703262024A300C2DCA3 /* QuestionJava.json in Resources */,
				B5979BC3261B200600276297 /* LaunchScreen.storyboard in Resources */,
				AEA9A70C262024BB00C2DCA3 /* QuestionTeamwork.json in Resources */,
				B5979BBE261B200600276297 /* Bookmark.storyboard in Resources */,
				B5BCB601261F21C7003C8590 /* Assets.xcassets in Resources */,
				B5BCB628261F2FF9003C8590 /* Main.storyboard in Resources */,
				AEA9A706262024AA00C2DCA3 /* QuestionPython.json in Resources */,
			);
			runOnlyForDeploymentPostprocessing = 0;
		};
/* End PBXResourcesBuildPhase section */

/* Begin PBXSourcesBuildPhase section */
		B5979BAF261B200600276297 /* Sources */ = {
			isa = PBXSourcesBuildPhase;
			buildActionMask = 2147483647;
			files = (
				B5BCB611261F282F003C8590 /* DataLoader.swift in Sources */,
				B5979BBB261B200600276297 /* BookmarkViewController.swift in Sources */,
				B5B4F717261D94AA0031F40B /* BookmarkModel.swift in Sources */,
				B5BCB608261F2247003C8590 /* QuestionsViewController.swift in Sources */,
				B5B4F71A261D9FF60031F40B /* DetailBookmarkViewController.swift in Sources */,
				B5979BB7261B200600276297 /* AppDelegate.swift in Sources */,
				71367D00262050D100E44413 /* SimulationHistoryListViewController.swift in Sources */,
				B5BCB60B261F2289003C8590 /* DetailQuestionViewController.swift in Sources */,
				B5BCB604261F221A003C8590 /* ViewController.swift in Sources */,
				B5BCB617261F2D83003C8590 /* GeneralCollectionViewCell.swift in Sources */,
				B5BCB60E261F231E003C8590 /* QuestionTech.swift in Sources */,
				B5BCB635261F8024003C8590 /* AboutSimulationTableViewCell.swift in Sources */,
				B5979BB9261B200600276297 /* SceneDelegate.swift in Sources */,
				B5BCB62E261F7764003C8590 /* SimulationViewController.swift in Sources */,
				B5BCB614261F2D5E003C8590 /* TechnicalCollectionViewCell.swift in Sources */,
				71367D072620564600E44413 /* CellTableViewCell.swift in Sources */,
				71367D032620547800E44413 /* SimulationDetailViewController.swift in Sources */,
				B52E461F261EFA3A009736DB /* NotesTableViewCell.swift in Sources */,
			);
			runOnlyForDeploymentPostprocessing = 0;
		};
/* End PBXSourcesBuildPhase section */

/* Begin PBXVariantGroup section */
		B5979BBC261B200600276297 /* Bookmark.storyboard */ = {
			isa = PBXVariantGroup;
			children = (
				B5979BBD261B200600276297 /* Base */,
			);
			name = Bookmark.storyboard;
			sourceTree = "<group>";
		};
		B5979BC1261B200600276297 /* LaunchScreen.storyboard */ = {
			isa = PBXVariantGroup;
			children = (
				B5979BC2261B200600276297 /* Base */,
			);
			name = LaunchScreen.storyboard;
			sourceTree = "<group>";
		};
/* End PBXVariantGroup section */

/* Begin XCBuildConfiguration section */
		B5979BC5261B200600276297 /* Debug */ = {
			isa = XCBuildConfiguration;
			buildSettings = {
				ALWAYS_SEARCH_USER_PATHS = NO;
				CLANG_ANALYZER_NONNULL = YES;
				CLANG_ANALYZER_NUMBER_OBJECT_CONVERSION = YES_AGGRESSIVE;
				CLANG_CXX_LANGUAGE_STANDARD = "gnu++14";
				CLANG_CXX_LIBRARY = "libc++";
				CLANG_ENABLE_MODULES = YES;
				CLANG_ENABLE_OBJC_ARC = YES;
				CLANG_ENABLE_OBJC_WEAK = YES;
				CLANG_WARN_BLOCK_CAPTURE_AUTORELEASING = YES;
				CLANG_WARN_BOOL_CONVERSION = YES;
				CLANG_WARN_COMMA = YES;
				CLANG_WARN_CONSTANT_CONVERSION = YES;
				CLANG_WARN_DEPRECATED_OBJC_IMPLEMENTATIONS = YES;
				CLANG_WARN_DIRECT_OBJC_ISA_USAGE = YES_ERROR;
				CLANG_WARN_DOCUMENTATION_COMMENTS = YES;
				CLANG_WARN_EMPTY_BODY = YES;
				CLANG_WARN_ENUM_CONVERSION = YES;
				CLANG_WARN_INFINITE_RECURSION = YES;
				CLANG_WARN_INT_CONVERSION = YES;
				CLANG_WARN_NON_LITERAL_NULL_CONVERSION = YES;
				CLANG_WARN_OBJC_IMPLICIT_RETAIN_SELF = YES;
				CLANG_WARN_OBJC_LITERAL_CONVERSION = YES;
				CLANG_WARN_OBJC_ROOT_CLASS = YES_ERROR;
				CLANG_WARN_QUOTED_INCLUDE_IN_FRAMEWORK_HEADER = YES;
				CLANG_WARN_RANGE_LOOP_ANALYSIS = YES;
				CLANG_WARN_STRICT_PROTOTYPES = YES;
				CLANG_WARN_SUSPICIOUS_MOVE = YES;
				CLANG_WARN_UNGUARDED_AVAILABILITY = YES_AGGRESSIVE;
				CLANG_WARN_UNREACHABLE_CODE = YES;
				CLANG_WARN__DUPLICATE_METHOD_MATCH = YES;
				COPY_PHASE_STRIP = NO;
				DEBUG_INFORMATION_FORMAT = dwarf;
				ENABLE_STRICT_OBJC_MSGSEND = YES;
				ENABLE_TESTABILITY = YES;
				GCC_C_LANGUAGE_STANDARD = gnu11;
				GCC_DYNAMIC_NO_PIC = NO;
				GCC_NO_COMMON_BLOCKS = YES;
				GCC_OPTIMIZATION_LEVEL = 0;
				GCC_PREPROCESSOR_DEFINITIONS = (
					"DEBUG=1",
					"$(inherited)",
				);
				GCC_WARN_64_TO_32_BIT_CONVERSION = YES;
				GCC_WARN_ABOUT_RETURN_TYPE = YES_ERROR;
				GCC_WARN_UNDECLARED_SELECTOR = YES;
				GCC_WARN_UNINITIALIZED_AUTOS = YES_AGGRESSIVE;
				GCC_WARN_UNUSED_FUNCTION = YES;
				GCC_WARN_UNUSED_VARIABLE = YES;
				IPHONEOS_DEPLOYMENT_TARGET = 14.4;
				MTL_ENABLE_DEBUG_INFO = INCLUDE_SOURCE;
				MTL_FAST_MATH = YES;
				ONLY_ACTIVE_ARCH = YES;
				SDKROOT = iphoneos;
				SWIFT_ACTIVE_COMPILATION_CONDITIONS = DEBUG;
				SWIFT_OPTIMIZATION_LEVEL = "-Onone";
			};
			name = Debug;
		};
		B5979BC6261B200600276297 /* Release */ = {
			isa = XCBuildConfiguration;
			buildSettings = {
				ALWAYS_SEARCH_USER_PATHS = NO;
				CLANG_ANALYZER_NONNULL = YES;
				CLANG_ANALYZER_NUMBER_OBJECT_CONVERSION = YES_AGGRESSIVE;
				CLANG_CXX_LANGUAGE_STANDARD = "gnu++14";
				CLANG_CXX_LIBRARY = "libc++";
				CLANG_ENABLE_MODULES = YES;
				CLANG_ENABLE_OBJC_ARC = YES;
				CLANG_ENABLE_OBJC_WEAK = YES;
				CLANG_WARN_BLOCK_CAPTURE_AUTORELEASING = YES;
				CLANG_WARN_BOOL_CONVERSION = YES;
				CLANG_WARN_COMMA = YES;
				CLANG_WARN_CONSTANT_CONVERSION = YES;
				CLANG_WARN_DEPRECATED_OBJC_IMPLEMENTATIONS = YES;
				CLANG_WARN_DIRECT_OBJC_ISA_USAGE = YES_ERROR;
				CLANG_WARN_DOCUMENTATION_COMMENTS = YES;
				CLANG_WARN_EMPTY_BODY = YES;
				CLANG_WARN_ENUM_CONVERSION = YES;
				CLANG_WARN_INFINITE_RECURSION = YES;
				CLANG_WARN_INT_CONVERSION = YES;
				CLANG_WARN_NON_LITERAL_NULL_CONVERSION = YES;
				CLANG_WARN_OBJC_IMPLICIT_RETAIN_SELF = YES;
				CLANG_WARN_OBJC_LITERAL_CONVERSION = YES;
				CLANG_WARN_OBJC_ROOT_CLASS = YES_ERROR;
				CLANG_WARN_QUOTED_INCLUDE_IN_FRAMEWORK_HEADER = YES;
				CLANG_WARN_RANGE_LOOP_ANALYSIS = YES;
				CLANG_WARN_STRICT_PROTOTYPES = YES;
				CLANG_WARN_SUSPICIOUS_MOVE = YES;
				CLANG_WARN_UNGUARDED_AVAILABILITY = YES_AGGRESSIVE;
				CLANG_WARN_UNREACHABLE_CODE = YES;
				CLANG_WARN__DUPLICATE_METHOD_MATCH = YES;
				COPY_PHASE_STRIP = NO;
				DEBUG_INFORMATION_FORMAT = "dwarf-with-dsym";
				ENABLE_NS_ASSERTIONS = NO;
				ENABLE_STRICT_OBJC_MSGSEND = YES;
				GCC_C_LANGUAGE_STANDARD = gnu11;
				GCC_NO_COMMON_BLOCKS = YES;
				GCC_WARN_64_TO_32_BIT_CONVERSION = YES;
				GCC_WARN_ABOUT_RETURN_TYPE = YES_ERROR;
				GCC_WARN_UNDECLARED_SELECTOR = YES;
				GCC_WARN_UNINITIALIZED_AUTOS = YES_AGGRESSIVE;
				GCC_WARN_UNUSED_FUNCTION = YES;
				GCC_WARN_UNUSED_VARIABLE = YES;
				IPHONEOS_DEPLOYMENT_TARGET = 14.4;
				MTL_ENABLE_DEBUG_INFO = NO;
				MTL_FAST_MATH = YES;
				SDKROOT = iphoneos;
				SWIFT_COMPILATION_MODE = wholemodule;
				SWIFT_OPTIMIZATION_LEVEL = "-O";
				VALIDATE_PRODUCT = YES;
			};
			name = Release;
		};
		B5979BC8261B200600276297 /* Debug */ = {
			isa = XCBuildConfiguration;
			buildSettings = {
				ASSETCATALOG_COMPILER_APPICON_NAME = AppIcon;
				ASSETCATALOG_COMPILER_GLOBAL_ACCENT_COLOR_NAME = AccentColor;
				CODE_SIGN_STYLE = Automatic;
				INFOPLIST_FILE = NailIt/Info.plist;
				LD_RUNPATH_SEARCH_PATHS = (
					"$(inherited)",
					"@executable_path/Frameworks",
				);
				PRODUCT_BUNDLE_IDENTIFIER = AppleAcademy.NailIt;
				PRODUCT_NAME = "$(TARGET_NAME)";
				SWIFT_VERSION = 5.0;
				TARGETED_DEVICE_FAMILY = "1,2";
			};
			name = Debug;
		};
		B5979BC9261B200600276297 /* Release */ = {
			isa = XCBuildConfiguration;
			buildSettings = {
				ASSETCATALOG_COMPILER_APPICON_NAME = AppIcon;
				ASSETCATALOG_COMPILER_GLOBAL_ACCENT_COLOR_NAME = AccentColor;
				CODE_SIGN_STYLE = Automatic;
				INFOPLIST_FILE = NailIt/Info.plist;
				LD_RUNPATH_SEARCH_PATHS = (
					"$(inherited)",
					"@executable_path/Frameworks",
				);
				PRODUCT_BUNDLE_IDENTIFIER = AppleAcademy.NailIt;
				PRODUCT_NAME = "$(TARGET_NAME)";
				SWIFT_VERSION = 5.0;
				TARGETED_DEVICE_FAMILY = "1,2";
			};
			name = Release;
		};
/* End XCBuildConfiguration section */

/* Begin XCConfigurationList section */
		B5979BAE261B200600276297 /* Build configuration list for PBXProject "NailIt" */ = {
			isa = XCConfigurationList;
			buildConfigurations = (
				B5979BC5261B200600276297 /* Debug */,
				B5979BC6261B200600276297 /* Release */,
			);
			defaultConfigurationIsVisible = 0;
			defaultConfigurationName = Release;
		};
		B5979BC7261B200600276297 /* Build configuration list for PBXNativeTarget "NailIt" */ = {
			isa = XCConfigurationList;
			buildConfigurations = (
				B5979BC8261B200600276297 /* Debug */,
				B5979BC9261B200600276297 /* Release */,
			);
			defaultConfigurationIsVisible = 0;
			defaultConfigurationName = Release;
		};
/* End XCConfigurationList section */
	};
	rootObject = B5979BAB261B200600276297 /* Project object */;
}
